# This file is automatically @generated by Cargo.
# It is not intended for manual editing.
version = 4

[[package]]
name = "arrayvec"
version = "0.7.8"
source = "registry+https://github.com/rust-lang/crates.io-index"
checksum = "d3fb67a6e08acf24fdeccbac2cb6ac4305825bd1f117462e0e6f2f193345ad56"

[[package]]
name = "bitflags"
version = "1.3.2"
source = "registry+https://github.com/rust-lang/crates.io-index"
checksum = "bef38d45163c2f1dde094a7dfd33ccf595c92905c8f8f4fdc18d06fb1037718a"

[[package]]
name = "bytemuck"
version = "1.25.2"
source = "registry+https://github.com/rust-lang/crates.io-index"
checksum = "95832e849adfb21180ccb6826a99da14e5d266ae5c2e668e1602cf234f153797"

[[package]]
name = "cfg-if"
version = "1.0.4"
source = "registry+https://github.com/rust-lang/crates.io-index"
checksum = "9330f8b2ff13f34540b44e946ef35111825727b38d33286ef986142615121801"

[[package]]
name = "encoding_rs"
version = "0.8.35"
source = "registry+https://github.com/rust-lang/crates.io-index"
checksum = "75030f3c4f45dafd7586dd6780965a8c7e8e285a5ecb86713e63a79c5b2766f3"
dependencies = [
 "cfg-if",
]

[[package]]
name = "hound"
version = "3.5.1"
source = "registry+https://github.com/rust-lang/crates.io-index"
checksum = "62adaabb884c94955b19907d60019f4e145d091c75345379e70d1ee696f7854f"

[[package]]
name = "lazy_static"
version = "1.5.0"
source = "registry+https://github.com/rust-lang/crates.io-index"
checksum = "bbd2bcb4c963f2ddae06a2efc7e9f3591312473c50c6685e1f298068316e66fe"

[[package]]
name = "log"
version = "0.4.34"
source = "registry+https://github.com/rust-lang/crates.io-index"
checksum = "f9f8bd3e56ce4dfc153cf470fffbfa98c7620958b312ca5c3a4b8d5181fd13c6"

[[package]]
name = "monter-voix"
version = "0.1.0"
dependencies = [
 "hound",
 "symphonia",
]

[[package]]
name = "symphonia"
version = "0.5.5"
source = "registry+https://github.com/rust-lang/crates.io-index"
checksum = "5773a4c030a19d9bfaa090f49746ff35c75dfddfa700df7a5939d5e076a57039"
dependencies = [
 "lazy_static",
 "symphonia-codec-vorbis",
 "symphonia-core",
 "symphonia-format-ogg",
 "symphonia-metadata",
]

[[package]]
name = "symphonia-codec-vorbis"
version = "0.5.5"
source = "registry+https://github.com/rust-lang/crates.io-index"
checksum = "f025837c309cd69ffef572750b4a2257b59552c5399a5e49707cc5b1b85d1c73"
dependencies = [
 "log",
 "symphonia-core",
 "symphonia-utils-xiph",
]

[[package]]
name = "symphonia-core"
version = "0.5.5"
source = "registry+https://github.com/rust-lang/crates.io-index"
checksum = "ea00cc4f79b7f6bb7ff87eddc065a1066f3a43fe1875979056672c9ef948c2af"
dependencies = [
 "arrayvec",
 "bitflags",
 "bytemuck",
 "lazy_static",
 "log",
]

[[package]]
name = "symphonia-format-ogg"
version = "0.5.5"
source = "registry+https://github.com/rust-lang/crates.io-index"
checksum = "2b4955c67c1ed3aa8ae8428d04ca8397fbef6a19b2b051e73b5da8b1435639cb"
dependencies = [
 "log",
 "symphonia-core",
 "symphonia-metadata",
 "symphonia-utils-xiph",
]

[[package]]
name = "symphonia-metadata"
version = "0.5.5"
source = "registry+https://github.com/rust-lang/crates.io-index"
checksum = "36306ff42b9ffe6e5afc99d49e121e0bd62fe79b9db7b9681d48e29fa19e6b16"
dependencies = [
 "encoding_rs",
 "lazy_static",
 "log",
 "symphonia-core",
]

[[package]]
name = "symphonia-utils-xiph"
version = "0.5.5"
source = "registry+https://github.com/rust-lang/crates.io-index"
checksum = "ee27c85ab799a338446b68eec77abf42e1a6f1bb490656e121c6e27bfbab9f16"
dependencies = [
 "symphonia-core",
 "symphonia-metadata",
]
